
Microsoft Visual Studio Solution File, Format Version 12.00
# Visual Studio Version 17
VisualStudioVersion = 17.13.35825.156 d17.13
MinimumVisualStudioVersion = 10.0.40219.1
Project("{FAE04EC0-301F-11D3-BF4B-00C04F79EFBC}") = "LibraryApi", "LibraryApi.csproj", "{023D701E-CD76-416E-BDBE-A918FB77874F}"
EndProject
Global
	GlobalSection(SolutionConfigurationPlatforms) = preSolution
		Debug|Any CPU = Debug|Any CPU
		Release|Any CPU = Release|Any CPU
	EndGlobalSection
	GlobalSection(ProjectConfigurationPlatforms) = postSolution
		{023D701E-CD76-416E-BDBE-A918FB77874F}.Debug|Any CPU.ActiveCfg = Debug|Any CPU
		{023D701E-CD76-416E-BDBE-A918FB77874F}.Debug|Any CPU.Build.0 = Debug|Any CPU
		{023D701E-CD76-416E-BDBE-A918FB77874F}.Release|Any CPU.ActiveCfg = Release|Any CPU
		{023D701E-CD76-416E-BDBE-A918FB77874F}.Release|Any CPU.Build.0 = Release|Any CPU
	EndGlobalSection
	GlobalSection(SolutionProperties) = preSolution
		HideSolutionNode = FALSE
	EndGlobalSection
	GlobalSection(ExtensibilityGlobals) = postSolution
		SolutionGuid = {5E05CCDB-72DC-4715-8A17-72CD2F5177F4}
	EndGlobalSection
EndGlobal
